<?xml version="1.0" encoding="utf-8"?>
<Project ToolsVersion="4.0" xmlns="http://schemas.microsoft.com/developer/msbuild/2003">
  <ItemGroup>
    <Filter Include="Source Files">
      <UniqueIdentifier>{4FC737F1-C7A5-4376-A066-2A32D752A2FF}</UniqueIdentifier>
      <Extensions>cpp;c;cc;cxx;def;odl;idl;hpj;bat;asm;asmx</Extensions>
    </Filter>
    <Filter Include="Header Files">
      <UniqueIdentifier>{93995380-89BD-4b04-88EB-625FBE52EBFB}</UniqueIdentifier>
      <Extensions>h;hh;hpp;hxx;hm;inl;inc;xsd</Extensions>
    </Filter>
    <Filter Include="Resource Files">
      <UniqueIdentifier>{67DA6AB6-F800-4c08-8B7A-83BB121AAD01}</UniqueIdentifier>
      <Extensions>rc;ico;cur;bmp;dlg;rc2;rct;bin;rgs;gif;jpg;jpeg;jpe;resx;tiff;tif;png;wav;mfcribbon-ms</Extensions>
    </Filter>
  </ItemGroup>
  <ItemGroup>
    <None Include="Lab05_StateNHAL.ino" />
  </ItemGroup>
  <ItemGroup>
    <ClInclude Include="__vm\.Lab05_StateNHAL.vsarduino.h">
      <Filter>Header Files</Filter>
    </ClInclude>
    <ClInclude Include="Main.h">
      <Filter>Header Files</Filter>
    </ClInclude>
    <ClInclude Include="Component.h">
      <Filter>Header Files</Filter>
    </ClInclude>
    <ClInclude Include="Sensor.h">
      <Filter>Header Files</Filter>
    </ClInclude>
    <ClInclude Include="Actuator.h">
      <Filter>Header Files</Filter>
    </ClInclude>
    <ClInclude Include="TRSensor.h">
      <Filter>Header Files</Filter>
    </ClInclude>
    <ClInclude Include="SimpleSensor.h">
      <Filter>Header Files</Filter>
    </ClInclude>
    <ClInclude Include="AnalogInputChannel.h">
      <Filter>Header Files</Filter>
    </ClInclude>
    <ClInclude Include="Channel.h">
      <Filter>Header Files</Filter>
    </ClInclude>
    <ClInclude Include="DigitalInputChannel.h">
      <Filter>Header Files</Filter>
    </ClInclude>
    <ClInclude Include="DigitalOutputChannel.h">
      <Filter>Header Files</Filter>
    </ClInclude>
    <ClInclude Include="PWMInputChannel.h">
      <Filter>Header Files</Filter>
    </ClInclude>
    <ClInclude Include="PWMOutputChannel.h">
      <Filter>Header Files</Filter>
    </ClInclude>
    <ClInclude Include="Illuminant.h">
      <Filter>Header Files</Filter>
    </ClInclude>
    <ClInclude Include="UltrasonicWave.h">
      <Filter>Header Files</Filter>
    </ClInclude>
    <ClInclude Include="LEDManager.h">
      <Filter>Header Files</Filter>
    </ClInclude>
    <ClInclude Include="RGBLED.h">
      <Filter>Header Files</Filter>
    </ClInclude>
  </ItemGroup>
  <ItemGroup>
    <ClCompile Include="Illuminant.cpp">
      <Filter>Source Files</Filter>
    </ClCompile>
    <ClCompile Include="UltrasonicWave.cpp">
      <Filter>Source Files</Filter>
    </ClCompile>
    <ClCompile Include="LEDManager.cpp">
      <Filter>Source Files</Filter>
    </ClCompile>
    <ClCompile Include="RGBLED.cpp">
      <Filter>Source Files</Filter>
    </ClCompile>
  </ItemGroup>
</Project>